
Microsoft Visual Studio Solution File, Format Version 10.00
# Visual Studio 2008
Project("{FAE04EC0-301F-11D3-BF4B-00C04F79EFBC}") = "MP3TagRenamer", "MP3TagRenamer\MP3TagRenamer.csproj", "{4FB80821-82E4-42FD-84AA-B8AA1A97838B}"
EndProject
Project("{54435603-DBB4-11D2-8724-00A0C9A8B90C}") = "SetupMP3Renamer x64", "SetupMP3Renamer x64\SetupMP3Renamer_x64.vdproj", "{0F0B3441-0F54-4890-950C-DC44F2DC3971}"
EndProject
Project("{54435603-DBB4-11D2-8724-00A0C9A8B90C}") = "SetupMP3Renamer x86", "SetupMP3Renamer x86\SetupMP3Renamer_x86.vdproj", "{EB2F0E4A-6991-4885-9D5F-F80585C882DD}"
EndProject
Project("{54435603-DBB4-11D2-8724-00A0C9A8B90C}") = "SetupMP3Renamer Any CPU", "SetupMP3Renamer Any CPU\SetupMP3Renamer_AnyCPU.vdproj", "{939E1AD0-AE72-42E5-8173-827F148D3FBC}"
EndProject
Global
	GlobalSection(SolutionConfigurationPlatforms) = preSolution
		Debug|Any CPU = Debug|Any CPU
		Debug|x64 = Debug|x64
		Debug|x86 = Debug|x86
		Release|Any CPU = Release|Any CPU
		Release|x64 = Release|x64
		Release|x86 = Release|x86
	EndGlobalSection
	GlobalSection(ProjectConfigurationPlatforms) = postSolution
		{4FB80821-82E4-42FD-84AA-B8AA1A97838B}.Debug|Any CPU.ActiveCfg = Debug|Any CPU
		{4FB80821-82E4-42FD-84AA-B8AA1A97838B}.Debug|Any CPU.Build.0 = Debug|Any CPU
		{4FB80821-82E4-42FD-84AA-B8AA1A97838B}.Debug|x64.ActiveCfg = Debug|x64
		{4FB80821-82E4-42FD-84AA-B8AA1A97838B}.Debug|x64.Build.0 = Debug|x64
		{4FB80821-82E4-42FD-84AA-B8AA1A97838B}.Debug|x86.ActiveCfg = Release|x64
		{4FB80821-82E4-42FD-84AA-B8AA1A97838B}.Debug|x86.Build.0 = Release|x64
		{4FB80821-82E4-42FD-84AA-B8AA1A97838B}.Release|Any CPU.ActiveCfg = Release|Any CPU
		{4FB80821-82E4-42FD-84AA-B8AA1A97838B}.Release|Any CPU.Build.0 = Release|Any CPU
		{4FB80821-82E4-42FD-84AA-B8AA1A97838B}.Release|x64.ActiveCfg = Release|x64
		{4FB80821-82E4-42FD-84AA-B8AA1A97838B}.Release|x64.Build.0 = Release|x64
		{4FB80821-82E4-42FD-84AA-B8AA1A97838B}.Release|x86.ActiveCfg = Release|x86
		{4FB80821-82E4-42FD-84AA-B8AA1A97838B}.Release|x86.Build.0 = Release|x86
		{0F0B3441-0F54-4890-950C-DC44F2DC3971}.Debug|Any CPU.ActiveCfg = Debug
		{0F0B3441-0F54-4890-950C-DC44F2DC3971}.Debug|Any CPU.Build.0 = Debug
		{0F0B3441-0F54-4890-950C-DC44F2DC3971}.Debug|x64.ActiveCfg = Debug
		{0F0B3441-0F54-4890-950C-DC44F2DC3971}.Debug|x64.Build.0 = Debug
		{0F0B3441-0F54-4890-950C-DC44F2DC3971}.Debug|x86.ActiveCfg = Debug
		{0F0B3441-0F54-4890-950C-DC44F2DC3971}.Debug|x86.Build.0 = Debug
		{0F0B3441-0F54-4890-950C-DC44F2DC3971}.Release|Any CPU.ActiveCfg = Release
		{0F0B3441-0F54-4890-950C-DC44F2DC3971}.Release|Any CPU.Build.0 = Release
		{0F0B3441-0F54-4890-950C-DC44F2DC3971}.Release|x64.ActiveCfg = Release
		{0F0B3441-0F54-4890-950C-DC44F2DC3971}.Release|x64.Build.0 = Release
		{0F0B3441-0F54-4890-950C-DC44F2DC3971}.Release|x86.ActiveCfg = Release
		{EB2F0E4A-6991-4885-9D5F-F80585C882DD}.Debug|Any CPU.ActiveCfg = Debug
		{EB2F0E4A-6991-4885-9D5F-F80585C882DD}.Debug|Any CPU.Build.0 = Debug
		{EB2F0E4A-6991-4885-9D5F-F80585C882DD}.Debug|x64.ActiveCfg = Debug
		{EB2F0E4A-6991-4885-9D5F-F80585C882DD}.Debug|x64.Build.0 = Debug
		{EB2F0E4A-6991-4885-9D5F-F80585C882DD}.Debug|x86.ActiveCfg = Debug
		{EB2F0E4A-6991-4885-9D5F-F80585C882DD}.Debug|x86.Build.0 = Debug
		{EB2F0E4A-6991-4885-9D5F-F80585C882DD}.Release|Any CPU.ActiveCfg = Release
		{EB2F0E4A-6991-4885-9D5F-F80585C882DD}.Release|Any CPU.Build.0 = Release
		{EB2F0E4A-6991-4885-9D5F-F80585C882DD}.Release|x64.ActiveCfg = Release
		{EB2F0E4A-6991-4885-9D5F-F80585C882DD}.Release|x86.ActiveCfg = Release
		{EB2F0E4A-6991-4885-9D5F-F80585C882DD}.Release|x86.Build.0 = Release
		{939E1AD0-AE72-42E5-8173-827F148D3FBC}.Debug|Any CPU.ActiveCfg = Debug
		{939E1AD0-AE72-42E5-8173-827F148D3FBC}.Debug|Any CPU.Build.0 = Debug
		{939E1AD0-AE72-42E5-8173-827F148D3FBC}.Debug|x64.ActiveCfg = Debug
		{939E1AD0-AE72-42E5-8173-827F148D3FBC}.Debug|x64.Build.0 = Debug
		{939E1AD0-AE72-42E5-8173-827F148D3FBC}.Debug|x86.ActiveCfg = Debug
		{939E1AD0-AE72-42E5-8173-827F148D3FBC}.Debug|x86.Build.0 = Debug
		{939E1AD0-AE72-42E5-8173-827F148D3FBC}.Release|Any CPU.ActiveCfg = Release
		{939E1AD0-AE72-42E5-8173-827F148D3FBC}.Release|Any CPU.Build.0 = Release
		{939E1AD0-AE72-42E5-8173-827F148D3FBC}.Release|x64.ActiveCfg = Release
		{939E1AD0-AE72-42E5-8173-827F148D3FBC}.Release|x64.Build.0 = Release
		{939E1AD0-AE72-42E5-8173-827F148D3FBC}.Release|x86.ActiveCfg = Release
		{939E1AD0-AE72-42E5-8173-827F148D3FBC}.Release|x86.Build.0 = Release
	EndGlobalSection
	GlobalSection(SolutionProperties) = preSolution
		HideSolutionNode = FALSE
	EndGlobalSection
EndGlobal
